
Microsoft Visual Studio Solution File, Format Version 12.00
# Visual Studio Version 16
VisualStudioVersion = 16.0.31613.86
MinimumVisualStudioVersion = 10.0.40219.1
Project("{FAE04EC0-301F-11D3-BF4B-00C04F79EFBC}") = "Api.ParkingReserve", "Api.ParkingReserve.csproj", "{87FC9EC0-F51B-4BFC-B407-7C8B78835650}"
EndProject
Global
	GlobalSection(SolutionConfigurationPlatforms) = preSolution
		Debug|Any CPU = Debug|Any CPU
		Release|Any CPU = Release|Any CPU
	EndGlobalSection
	GlobalSection(ProjectConfigurationPlatforms) = postSolution
		{87FC9EC0-F51B-4BFC-B407-7C8B78835650}.Debug|Any CPU.ActiveCfg = Debug|Any CPU
		{87FC9EC0-F51B-4BFC-B407-7C8B78835650}.Debug|Any CPU.Build.0 = Debug|Any CPU
		{87FC9EC0-F51B-4BFC-B407-7C8B78835650}.Release|Any CPU.ActiveCfg = Release|Any CPU
		{87FC9EC0-F51B-4BFC-B407-7C8B78835650}.Release|Any CPU.Build.0 = Release|Any CPU
	EndGlobalSection
	GlobalSection(SolutionProperties) = preSolution
		HideSolutionNode = FALSE
	EndGlobalSection
	GlobalSection(ExtensibilityGlobals) = postSolution
		SolutionGuid = {38990F50-8E50-4D44-844A-8F9773D6DCAB}
	EndGlobalSection
EndGlobal
